// !$*UTF8*$!
{
	archiveVersion = 1;
	classes = {
	};
	objectVersion = 46;
	objects = {

/* Begin PBXBuildFile section */
		0DE552081E6B48A6BFF8858F /* libPods.a in Frameworks */ = {isa = PBXBuildFile; fileRef = B22B8DF9CCE94BE087552045 /* libPods.a */; };
		DF2864D219F3588400F0168F /* JRWordsSource.plist in Resources */ = {isa = PBXBuildFile; fileRef = DF2864D119F3588400F0168F /* JRWordsSource.plist */; };
		DF2864D519F359D700F0168F /* JRDictionaryManager.m in Sources */ = {isa = PBXBuildFile; fileRef = DF2864D419F359D700F0168F /* JRDictionaryManager.m */; };
		DF2864D819F35DCE00F0168F /* NSString+JRAdditions.m in Sources */ = {isa = PBXBuildFile; fileRef = DF2864D719F35DCE00F0168F /* NSString+JRAdditions.m */; };
		DF2864DB19F35E2D00F0168F /* NSArray+JRAdditions.m in Sources */ = {isa = PBXBuildFile; fileRef = DF2864DA19F35E2D00F0168F /* NSArray+JRAdditions.m */; };
		DF2864DE19F3630B00F0168F /* NSDictionary+JRAdditions.m in Sources */ = {isa = PBXBuildFile; fileRef = DF2864DD19F3630B00F0168F /* NSDictionary+JRAdditions.m */; };
		DF2864E119F38A0000F0168F /* JRScorePanel.m in Sources */ = {isa = PBXBuildFile; fileRef = DF2864E019F38A0000F0168F /* JRScorePanel.m */; };
		DF2864E419F38A1400F0168F /* JRTipsPannel.m in Sources */ = {isa = PBXBuildFile; fileRef = DF2864E319F38A1400F0168F /* JRTipsPannel.m */; };
		DFA1A4DE19F2A4BE002056B1 /* Images.xcassets in Resources */ = {isa = PBXBuildFile; fileRef = DFA1A4DD19F2A4BE002056B1 /* Images.xcassets */; };
		DFA1A4E119F2A4BE002056B1 /* LaunchScreen.xib in Resources */ = {isa = PBXBuildFile; fileRef = DFA1A4DF19F2A4BE002056B1 /* LaunchScreen.xib */; };
		DFA1A4ED19F2A4BE002056B1 /* JRWordsTests.m in Sources */ = {isa = PBXBuildFile; fileRef = DFA1A4EC19F2A4BE002056B1 /* JRWordsTests.m */; };
		DFA1A4F919F2A7D5002056B1 /* Info.plist in Resources */ = {isa = PBXBuildFile; fileRef = DFA1A4F719F2A7D5002056B1 /* Info.plist */; };
		DFA1A4FA19F2A7D5002056B1 /* main.m in Sources */ = {isa = PBXBuildFile; fileRef = DFA1A4F819F2A7D5002056B1 /* main.m */; };
		DFA1A50419F2A7E1002056B1 /* AppDelegate.m in Sources */ = {isa = PBXBuildFile; fileRef = DFA1A4FD19F2A7E1002056B1 /* AppDelegate.m */; };
		DFA1A50C19F2A844002056B1 /* JRRootController.m in Sources */ = {isa = PBXBuildFile; fileRef = DFA1A50B19F2A844002056B1 /* JRRootController.m */; };
		DFA1A51219F2A933002056B1 /* JRMainController.m in Sources */ = {isa = PBXBuildFile; fileRef = DFA1A51119F2A933002056B1 /* JRMainController.m */; };
		DFA1A51619F2AA6A002056B1 /* UIView+Helpers.m in Sources */ = {isa = PBXBuildFile; fileRef = DFA1A51519F2AA6A002056B1 /* UIView+Helpers.m */; };
		DFA1A51B19F2B3C6002056B1 /* JRItemsPannel.m in Sources */ = {isa = PBXBuildFile; fileRef = DFA1A51A19F2B3C6002056B1 /* JRItemsPannel.m */; };
		DFDA511619F2C06F00C68B65 /* UIButton+JRAdditions.m in Sources */ = {isa = PBXBuildFile; fileRef = DFDA511519F2C06F00C68B65 /* UIButton+JRAdditions.m */; };
/* End PBXBuildFile section */

/* Begin PBXContainerItemProxy section */
		DFA1A4E719F2A4BE002056B1 /* PBXContainerItemProxy */ = {
			isa = PBXContainerItemProxy;
			containerPortal = DFA1A4C519F2A4BE002056B1 /* Project object */;
			proxyType = 1;
			remoteGlobalIDString = DFA1A4CC19F2A4BE002056B1;
			remoteInfo = JRWords;
		};
/* End PBXContainerItemProxy section */

/* Begin PBXFileReference section */
		AEE447161AEC4F368F0CF3EB /* Pods.xcconfig */ = {isa = PBXFileReference; includeInIndex = 1; lastKnownFileType = text.xcconfig; name = Pods.xcconfig; path = Pods/Pods.xcconfig; sourceTree = "<group>"; };
		B22B8DF9CCE94BE087552045 /* libPods.a */ = {isa = PBXFileReference; explicitFileType = archive.ar; includeInIndex = 0; path = libPods.a; sourceTree = BUILT_PRODUCTS_DIR; };
		DF2864D119F3588400F0168F /* JRWordsSource.plist */ = {isa = PBXFileReference; fileEncoding = 4; lastKnownFileType = text.plist.xml; path = JRWordsSource.plist; sourceTree = "<group>"; };
		DF2864D319F359D700F0168F /* JRDictionaryManager.h */ = {isa = PBXFileReference; fileEncoding = 4; lastKnownFileType = sourcecode.c.h; path = JRDictionaryManager.h; sourceTree = "<group>"; };
		DF2864D419F359D700F0168F /* JRDictionaryManager.m */ = {isa = PBXFileReference; fileEncoding = 4; lastKnownFileType = sourcecode.c.objc; path = JRDictionaryManager.m; sourceTree = "<group>"; };
		DF2864D619F35DCE00F0168F /* NSString+JRAdditions.h */ = {isa = PBXFileReference; fileEncoding = 4; lastKnownFileType = sourcecode.c.h; path = "NSString+JRAdditions.h"; sourceTree = "<group>"; };
		DF2864D719F35DCE00F0168F /* NSString+JRAdditions.m */ = {isa = PBXFileReference; fileEncoding = 4; lastKnownFileType = sourcecode.c.objc; path = "NSString+JRAdditions.m"; sourceTree = "<group>"; };
		DF2864D919F35E2D00F0168F /* NSArray+JRAdditions.h */ = {isa = PBXFileReference; fileEncoding = 4; lastKnownFileType = sourcecode.c.h; path = "NSArray+JRAdditions.h"; sourceTree = "<group>"; };
		DF2864DA19F35E2D00F0168F /* NSArray+JRAdditions.m */ = {isa = PBXFileReference; fileEncoding = 4; lastKnownFileType = sourcecode.c.objc; path = "NSArray+JRAdditions.m"; sourceTree = "<group>"; };
		DF2864DC19F3630B00F0168F /* NSDictionary+JRAdditions.h */ = {isa = PBXFileReference; fileEncoding = 4; lastKnownFileType = sourcecode.c.h; path = "NSDictionary+JRAdditions.h"; sourceTree = "<group>"; };
		DF2864DD19F3630B00F0168F /* NSDictionary+JRAdditions.m */ = {isa = PBXFileReference; fileEncoding = 4; lastKnownFileType = sourcecode.c.objc; path = "NSDictionary+JRAdditions.m"; sourceTree = "<group>"; };
		DF2864DF19F38A0000F0168F /* JRScorePanel.h */ = {isa = PBXFileReference; fileEncoding = 4; lastKnownFileType = sourcecode.c.h; path = JRScorePanel.h; sourceTree = "<group>"; };
		DF2864E019F38A0000F0168F /* JRScorePanel.m */ = {isa = PBXFileReference; fileEncoding = 4; lastKnownFileType = sourcecode.c.objc; path = JRScorePanel.m; sourceTree = "<group>"; };
		DF2864E219F38A1400F0168F /* JRTipsPannel.h */ = {isa = PBXFileReference; fileEncoding = 4; lastKnownFileType = sourcecode.c.h; path = JRTipsPannel.h; sourceTree = "<group>"; };
		DF2864E319F38A1400F0168F /* JRTipsPannel.m */ = {isa = PBXFileReference; fileEncoding = 4; lastKnownFileType = sourcecode.c.objc; path = JRTipsPannel.m; sourceTree = "<group>"; };
		DFA1A4CD19F2A4BE002056B1 /* JRWords.app */ = {isa = PBXFileReference; explicitFileType = wrapper.application; includeInIndex = 0; path = JRWords.app; sourceTree = BUILT_PRODUCTS_DIR; };
		DFA1A4DD19F2A4BE002056B1 /* Images.xcassets */ = {isa = PBXFileReference; lastKnownFileType = folder.assetcatalog; path = Images.xcassets; sourceTree = "<group>"; };
		DFA1A4E019F2A4BE002056B1 /* Base */ = {isa = PBXFileReference; lastKnownFileType = file.xib; name = Base; path = Base.lproj/LaunchScreen.xib; sourceTree = "<group>"; };
		DFA1A4E619F2A4BE002056B1 /* JRWordsTests.xctest */ = {isa = PBXFileReference; explicitFileType = wrapper.cfbundle; includeInIndex = 0; path = JRWordsTests.xctest; sourceTree = BUILT_PRODUCTS_DIR; };
		DFA1A4EB19F2A4BE002056B1 /* Info.plist */ = {isa = PBXFileReference; lastKnownFileType = text.plist.xml; path = Info.plist; sourceTree = "<group>"; };
		DFA1A4EC19F2A4BE002056B1 /* JRWordsTests.m */ = {isa = PBXFileReference; lastKnownFileType = sourcecode.c.objc; path = JRWordsTests.m; sourceTree = "<group>"; };
		DFA1A4F719F2A7D5002056B1 /* Info.plist */ = {isa = PBXFileReference; fileEncoding = 4; lastKnownFileType = text.plist.xml; path = Info.plist; sourceTree = "<group>"; };
		DFA1A4F819F2A7D5002056B1 /* main.m */ = {isa = PBXFileReference; fileEncoding = 4; lastKnownFileType = sourcecode.c.objc; path = main.m; sourceTree = "<group>"; };
		DFA1A4FC19F2A7E1002056B1 /* AppDelegate.h */ = {isa = PBXFileReference; fileEncoding = 4; lastKnownFileType = sourcecode.c.h; path = AppDelegate.h; sourceTree = "<group>"; };
		DFA1A4FD19F2A7E1002056B1 /* AppDelegate.m */ = {isa = PBXFileReference; fileEncoding = 4; lastKnownFileType = sourcecode.c.objc; path = AppDelegate.m; sourceTree = "<group>"; };
		DFA1A50A19F2A844002056B1 /* JRRootController.h */ = {isa = PBXFileReference; fileEncoding = 4; lastKnownFileType = sourcecode.c.h; path = JRRootController.h; sourceTree = "<group>"; };
		DFA1A50B19F2A844002056B1 /* JRRootController.m */ = {isa = PBXFileReference; fileEncoding = 4; lastKnownFileType = sourcecode.c.objc; path = JRRootController.m; sourceTree = "<group>"; };
		DFA1A51019F2A933002056B1 /* JRMainController.h */ = {isa = PBXFileReference; fileEncoding = 4; lastKnownFileType = sourcecode.c.h; path = JRMainController.h; sourceTree = "<group>"; };
		DFA1A51119F2A933002056B1 /* JRMainController.m */ = {isa = PBXFileReference; fileEncoding = 4; lastKnownFileType = sourcecode.c.objc; path = JRMainController.m; sourceTree = "<group>"; };
		DFA1A51419F2AA6A002056B1 /* UIView+Helpers.h */ = {isa = PBXFileReference; fileEncoding = 4; lastKnownFileType = sourcecode.c.h; path = "UIView+Helpers.h"; sourceTree = "<group>"; };
		DFA1A51519F2AA6A002056B1 /* UIView+Helpers.m */ = {isa = PBXFileReference; fileEncoding = 4; lastKnownFileType = sourcecode.c.objc; path = "UIView+Helpers.m"; sourceTree = "<group>"; };
		DFA1A51819F2B311002056B1 /* DefineUtil.h */ = {isa = PBXFileReference; fileEncoding = 4; lastKnownFileType = sourcecode.c.h; path = DefineUtil.h; sourceTree = "<group>"; };
		DFA1A51919F2B3C6002056B1 /* JRItemsPannel.h */ = {isa = PBXFileReference; fileEncoding = 4; lastKnownFileType = sourcecode.c.h; path = JRItemsPannel.h; sourceTree = "<group>"; };
		DFA1A51A19F2B3C6002056B1 /* JRItemsPannel.m */ = {isa = PBXFileReference; fileEncoding = 4; lastKnownFileType = sourcecode.c.objc; path = JRItemsPannel.m; sourceTree = "<group>"; };
		DFA1A51C19F2B866002056B1 /* AppGlobal.h */ = {isa = PBXFileReference; lastKnownFileType = sourcecode.c.h; path = AppGlobal.h; sourceTree = "<group>"; };
		DFDA511319F2BA1900C68B65 /* JRWords-Prefix.pch */ = {isa = PBXFileReference; lastKnownFileType = sourcecode.c.h; path = "JRWords-Prefix.pch"; sourceTree = "<group>"; };
		DFDA511419F2C06F00C68B65 /* UIButton+JRAdditions.h */ = {isa = PBXFileReference; fileEncoding = 4; lastKnownFileType = sourcecode.c.h; path = "UIButton+JRAdditions.h"; sourceTree = "<group>"; };
		DFDA511519F2C06F00C68B65 /* UIButton+JRAdditions.m */ = {isa = PBXFileReference; fileEncoding = 4; lastKnownFileType = sourcecode.c.objc; path = "UIButton+JRAdditions.m"; sourceTree = "<group>"; };
/* End PBXFileReference section */

/* Begin PBXFrameworksBuildPhase section */
		DFA1A4CA19F2A4BE002056B1 /* Frameworks */ = {
			isa = PBXFrameworksBuildPhase;
			buildActionMask = 2147483647;
			files = (
				0DE552081E6B48A6BFF8858F /* libPods.a in Frameworks */,
			);
			runOnlyForDeploymentPostprocessing = 0;
		};
		DFA1A4E319F2A4BE002056B1 /* Frameworks */ = {
			isa = PBXFrameworksBuildPhase;
			buildActionMask = 2147483647;
			files = (
			);
			runOnlyForDeploymentPostprocessing = 0;
		};
/* End PBXFrameworksBuildPhase section */

/* Begin PBXGroup section */
		C29808C6D3084CA5A44D6C38 /* Frameworks */ = {
			isa = PBXGroup;
			children = (
				B22B8DF9CCE94BE087552045 /* libPods.a */,
			);
			name = Frameworks;
			sourceTree = "<group>";
		};
		DFA1A4C419F2A4BE002056B1 = {
			isa = PBXGroup;
			children = (
				DFA1A4CF19F2A4BE002056B1 /* JRWords */,
				DFA1A4E919F2A4BE002056B1 /* JRWordsTests */,
				DFA1A4CE19F2A4BE002056B1 /* Products */,
				AEE447161AEC4F368F0CF3EB /* Pods.xcconfig */,
				C29808C6D3084CA5A44D6C38 /* Frameworks */,
			);
			sourceTree = "<group>";
		};
		DFA1A4CE19F2A4BE002056B1 /* Products */ = {
			isa = PBXGroup;
			children = (
				DFA1A4CD19F2A4BE002056B1 /* JRWords.app */,
				DFA1A4E619F2A4BE002056B1 /* JRWordsTests.xctest */,
			);
			name = Products;
			sourceTree = "<group>";
		};
		DFA1A4CF19F2A4BE002056B1 /* JRWords */ = {
			isa = PBXGroup;
			children = (
				DFA1A4FB19F2A7E1002056B1 /* App */,
				DFA1A4FE19F2A7E1002056B1 /* Controllers */,
				DFA1A50119F2A7E1002056B1 /* Data */,
				DFA1A50219F2A7E1002056B1 /* Lib */,
				DFA1A50319F2A7E1002056B1 /* Views */,
				DFA1A51319F2AA6A002056B1 /* Category */,
				DFA1A51719F2B311002056B1 /* Utils */,
				DFA1A50619F2A7F5002056B1 /* Resources */,
				DFA1A4D019F2A4BE002056B1 /* Supporting Files */,
			);
			path = JRWords;
			sourceTree = "<group>";
		};
		DFA1A4D019F2A4BE002056B1 /* Supporting Files */ = {
			isa = PBXGroup;
			children = (
				DFA1A4DD19F2A4BE002056B1 /* Images.xcassets */,
				DFA1A4DF19F2A4BE002056B1 /* LaunchScreen.xib */,
				DFA1A4F719F2A7D5002056B1 /* Info.plist */,
				DFA1A4F819F2A7D5002056B1 /* main.m */,
				DFDA511319F2BA1900C68B65 /* JRWords-Prefix.pch */,
			);
			name = "Supporting Files";
			sourceTree = "<group>";
		};
		DFA1A4E919F2A4BE002056B1 /* JRWordsTests */ = {
			isa = PBXGroup;
			children = (
				DFA1A4EC19F2A4BE002056B1 /* JRWordsTests.m */,
				DFA1A4EA19F2A4BE002056B1 /* Supporting Files */,
			);
			path = JRWordsTests;
			sourceTree = "<group>";
		};
		DFA1A4EA19F2A4BE002056B1 /* Supporting Files */ = {
			isa = PBXGroup;
			children = (
				DFA1A4EB19F2A4BE002056B1 /* Info.plist */,
			);
			name = "Supporting Files";
			sourceTree = "<group>";
		};
		DFA1A4FB19F2A7E1002056B1 /* App */ = {
			isa = PBXGroup;
			children = (
				DFA1A4FC19F2A7E1002056B1 /* AppDelegate.h */,
				DFA1A4FD19F2A7E1002056B1 /* AppDelegate.m */,
				DFA1A51C19F2B866002056B1 /* AppGlobal.h */,
			);
			name = App;
			path = Class/App;
			sourceTree = "<group>";
		};
		DFA1A4FE19F2A7E1002056B1 /* Controllers */ = {
			isa = PBXGroup;
			children = (
				DFA1A50A19F2A844002056B1 /* JRRootController.h */,
				DFA1A50B19F2A844002056B1 /* JRRootController.m */,
				DFA1A51019F2A933002056B1 /* JRMainController.h */,
				DFA1A51119F2A933002056B1 /* JRMainController.m */,
			);
			name = Controllers;
			path = Class/Controllers;
			sourceTree = "<group>";
		};
		DFA1A50119F2A7E1002056B1 /* Data */ = {
			isa = PBXGroup;
			children = (
				DF2864D319F359D700F0168F /* JRDictionaryManager.h */,
				DF2864D419F359D700F0168F /* JRDictionaryManager.m */,
			);
			name = Data;
			path = Class/Data;
			sourceTree = "<group>";
		};
		DFA1A50219F2A7E1002056B1 /* Lib */ = {
			isa = PBXGroup;
			children = (
			);
			name = Lib;
			path = Class/Lib;
			sourceTree = "<group>";
		};
		DFA1A50319F2A7E1002056B1 /* Views */ = {
			isa = PBXGroup;
			children = (
				DFA1A51919F2B3C6002056B1 /* JRItemsPannel.h */,
				DFA1A51A19F2B3C6002056B1 /* JRItemsPannel.m */,
				DF2864DF19F38A0000F0168F /* JRScorePanel.h */,
				DF2864E019F38A0000F0168F /* JRScorePanel.m */,
				DF2864E219F38A1400F0168F /* JRTipsPannel.h */,
				DF2864E319F38A1400F0168F /* JRTipsPannel.m */,
			);
			name = Views;
			path = Class/Views;
			sourceTree = "<group>";
		};
		DFA1A50619F2A7F5002056B1 /* Resources */ = {
			isa = PBXGroup;
			children = (
				DFA1A50719F2A7F5002056B1 /* Images */,
				DFA1A50819F2A7F5002056B1 /* Sounds */,
				DFA1A50919F2A7F5002056B1 /* Texts */,
			);
			path = Resources;
			sourceTree = "<group>";
		};
		DFA1A50719F2A7F5002056B1 /* Images */ = {
			isa = PBXGroup;
			children = (
			);
			path = Images;
			sourceTree = "<group>";
		};
		DFA1A50819F2A7F5002056B1 /* Sounds */ = {
			isa = PBXGroup;
			children = (
			);
			path = Sounds;
			sourceTree = "<group>";
		};
		DFA1A50919F2A7F5002056B1 /* Texts */ = {
			isa = PBXGroup;
			children = (
				DF2864D119F3588400F0168F /* JRWordsSource.plist */,
			);
			path = Texts;
			sourceTree = "<group>";
		};
		DFA1A51319F2AA6A002056B1 /* Category */ = {
			isa = PBXGroup;
			children = (
				DFA1A51419F2AA6A002056B1 /* UIView+Helpers.h */,
				DFA1A51519F2AA6A002056B1 /* UIView+Helpers.m */,
				DFDA511419F2C06F00C68B65 /* UIButton+JRAdditions.h */,
				DFDA511519F2C06F00C68B65 /* UIButton+JRAdditions.m */,
				DF2864D619F35DCE00F0168F /* NSString+JRAdditions.h */,
				DF2864D719F35DCE00F0168F /* NSString+JRAdditions.m */,
				DF2864D919F35E2D00F0168F /* NSArray+JRAdditions.h */,
				DF2864DA19F35E2D00F0168F /* NSArray+JRAdditions.m */,
				DF2864DC19F3630B00F0168F /* NSDictionary+JRAdditions.h */,
				DF2864DD19F3630B00F0168F /* NSDictionary+JRAdditions.m */,
			);
			name = Category;
			path = Class/Category;
			sourceTree = "<group>";
		};
		DFA1A51719F2B311002056B1 /* Utils */ = {
			isa = PBXGroup;
			children = (
				DFA1A51819F2B311002056B1 /* DefineUtil.h */,
			);
			name = Utils;
			path = Class/Utils;
			sourceTree = "<group>";
		};
/* End PBXGroup section */

/* Begin PBXNativeTarget section */
		DFA1A4CC19F2A4BE002056B1 /* JRWords */ = {
			isa = PBXNativeTarget;
			buildConfigurationList = DFA1A4F019F2A4BE002056B1 /* Build configuration list for PBXNativeTarget "JRWords" */;
			buildPhases = (
				FA712B7195C6407DBB4D00AE /* Check Pods Manifest.lock */,
				DFA1A4C919F2A4BE002056B1 /* Sources */,
				DFA1A4CA19F2A4BE002056B1 /* Frameworks */,
				DFA1A4CB19F2A4BE002056B1 /* Resources */,
				0E18A8FC6AB140939F2F5382 /* Copy Pods Resources */,
			);
			buildRules = (
			);
			dependencies = (
			);
			name = JRWords;
			productName = JRWords;
			productReference = DFA1A4CD19F2A4BE002056B1 /* JRWords.app */;
			productType = "com.apple.product-type.application";
		};
		DFA1A4E519F2A4BE002056B1 /* JRWordsTests */ = {
			isa = PBXNativeTarget;
			buildConfigurationList = DFA1A4F319F2A4BE002056B1 /* Build configuration list for PBXNativeTarget "JRWordsTests" */;
			buildPhases = (
				DFA1A4E219F2A4BE002056B1 /* Sources */,
				DFA1A4E319F2A4BE002056B1 /* Frameworks */,
				DFA1A4E419F2A4BE002056B1 /* Resources */,
			);
			buildRules = (
			);
			dependencies = (
				DFA1A4E819F2A4BE002056B1 /* PBXTargetDependency */,
			);
			name = JRWordsTests;
			productName = JRWordsTests;
			productReference = DFA1A4E619F2A4BE002056B1 /* JRWordsTests.xctest */;
			productType = "com.apple.product-type.bundle.unit-test";
		};
/* End PBXNativeTarget section */

/* Begin PBXProject section */
		DFA1A4C519F2A4BE002056B1 /* Project object */ = {
			isa = PBXProject;
			attributes = {
				LastUpgradeCheck = 0600;
				ORGANIZATIONNAME = Jaben;
				TargetAttributes = {
					DFA1A4CC19F2A4BE002056B1 = {
						CreatedOnToolsVersion = 6.0.1;
					};
					DFA1A4E519F2A4BE002056B1 = {
						CreatedOnToolsVersion = 6.0.1;
						TestTargetID = DFA1A4CC19F2A4BE002056B1;
					};
				};
			};
			buildConfigurationList = DFA1A4C819F2A4BE002056B1 /* Build configuration list for PBXProject "JRWords" */;
			compatibilityVersion = "Xcode 3.2";
			developmentRegion = English;
			hasScannedForEncodings = 0;
			knownRegions = (
				en,
				Base,
			);
			mainGroup = DFA1A4C419F2A4BE002056B1;
			productRefGroup = DFA1A4CE19F2A4BE002056B1 /* Products */;
			projectDirPath = "";
			projectRoot = "";
			targets = (
				DFA1A4CC19F2A4BE002056B1 /* JRWords */,
				DFA1A4E519F2A4BE002056B1 /* JRWordsTests */,
			);
		};
/* End PBXProject section */

/* Begin PBXResourcesBuildPhase section */
		DFA1A4CB19F2A4BE002056B1 /* Resources */ = {
			isa = PBXResourcesBuildPhase;
			buildActionMask = 2147483647;
			files = (
				DFA1A4E119F2A4BE002056B1 /* LaunchScreen.xib in Resources */,
				DF2864D219F3588400F0168F /* JRWordsSource.plist in Resources */,
				DFA1A4DE19F2A4BE002056B1 /* Images.xcassets in Resources */,
				DFA1A4F919F2A7D5002056B1 /* Info.plist in Resources */,
			);
			runOnlyForDeploymentPostprocessing = 0;
		};
		DFA1A4E419F2A4BE002056B1 /* Resources */ = {
			isa = PBXResourcesBuildPhase;
			buildActionMask = 2147483647;
			files = (
			);
			runOnlyForDeploymentPostprocessing = 0;
		};
/* End PBXResourcesBuildPhase section */

/* Begin PBXShellScriptBuildPhase section */
		0E18A8FC6AB140939F2F5382 /* Copy Pods Resources */ = {
			isa = PBXShellScriptBuildPhase;
			buildActionMask = 2147483647;
			files = (
			);
			inputPaths = (
			);
			name = "Copy Pods Resources";
			outputPaths = (
			);
			runOnlyForDeploymentPostprocessing = 0;
			shellPath = /bin/sh;
			shellScript = "\"${SRCROOT}/Pods/Pods-resources.sh\"\n";
			showEnvVarsInLog = 0;
		};
		FA712B7195C6407DBB4D00AE /* Check Pods Manifest.lock */ = {
			isa = PBXShellScriptBuildPhase;
			buildActionMask = 2147483647;
			files = (
			);
			inputPaths = (
			);
			name = "Check Pods Manifest.lock";
			outputPaths = (
			);
			runOnlyForDeploymentPostprocessing = 0;
			shellPath = /bin/sh;
			shellScript = "diff \"${PODS_ROOT}/../Podfile.lock\" \"${PODS_ROOT}/Manifest.lock\" > /dev/null\nif [[ $? != 0 ]] ; then\n    cat << EOM\nerror: The sandbox is not in sync with the Podfile.lock. Run 'pod install' or update your CocoaPods installation.\nEOM\n    exit 1\nfi\n";
			showEnvVarsInLog = 0;
		};
/* End PBXShellScriptBuildPhase section */

/* Begin PBXSourcesBuildPhase section */
		DFA1A4C919F2A4BE002056B1 /* Sources */ = {
			isa = PBXSourcesBuildPhase;
			buildActionMask = 2147483647;
			files = (
				DFA1A50C19F2A844002056B1 /* JRRootController.m in Sources */,
				DFA1A50419F2A7E1002056B1 /* AppDelegate.m in Sources */,
				DF2864D819F35DCE00F0168F /* NSString+JRAdditions.m in Sources */,
				DFA1A51219F2A933002056B1 /* JRMainController.m in Sources */,
				DF2864DB19F35E2D00F0168F /* NSArray+JRAdditions.m in Sources */,
				DFA1A51619F2AA6A002056B1 /* UIView+Helpers.m in Sources */,
				DFA1A51B19F2B3C6002056B1 /* JRItemsPannel.m in Sources */,
				DF2864D519F359D700F0168F /* JRDictionaryManager.m in Sources */,
				DFA1A4FA19F2A7D5002056B1 /* main.m in Sources */,
				DF2864E119F38A0000F0168F /* JRScorePanel.m in Sources */,
				DFDA511619F2C06F00C68B65 /* UIButton+JRAdditions.m in Sources */,
				DF2864DE19F3630B00F0168F /* NSDictionary+JRAdditions.m in Sources */,
				DF2864E419F38A1400F0168F /* JRTipsPannel.m in Sources */,
			);
			runOnlyForDeploymentPostprocessing = 0;
		};
		DFA1A4E219F2A4BE002056B1 /* Sources */ = {
			isa = PBXSourcesBuildPhase;
			buildActionMask = 2147483647;
			files = (
				DFA1A4ED19F2A4BE002056B1 /* JRWordsTests.m in Sources */,
			);
			runOnlyForDeploymentPostprocessing = 0;
		};
/* End PBXSourcesBuildPhase section */

/* Begin PBXTargetDependency section */
		DFA1A4E819F2A4BE002056B1 /* PBXTargetDependency */ = {
			isa = PBXTargetDependency;
			target = DFA1A4CC19F2A4BE002056B1 /* JRWords */;
			targetProxy = DFA1A4E719F2A4BE002056B1 /* PBXContainerItemProxy */;
		};
/* End PBXTargetDependency section */

/* Begin PBXVariantGroup section */
		DFA1A4DF19F2A4BE002056B1 /* LaunchScreen.xib */ = {
			isa = PBXVariantGroup;
			children = (
				DFA1A4E019F2A4BE002056B1 /* Base */,
			);
			name = LaunchScreen.xib;
			sourceTree = "<group>";
		};
/* End PBXVariantGroup section */

/* Begin XCBuildConfiguration section */
		DFA1A4EE19F2A4BE002056B1 /* Debug */ = {
			isa = XCBuildConfiguration;
			buildSettings = {
				ALWAYS_SEARCH_USER_PATHS = NO;
				CLANG_CXX_LANGUAGE_STANDARD = "gnu++0x";
				CLANG_CXX_LIBRARY = "libc++";
				CLANG_ENABLE_MODULES = YES;
				CLANG_ENABLE_OBJC_ARC = YES;
				CLANG_WARN_BOOL_CONVERSION = YES;
				CLANG_WARN_CONSTANT_CONVERSION = YES;
				CLANG_WARN_DIRECT_OBJC_ISA_USAGE = YES_ERROR;
				CLANG_WARN_EMPTY_BODY = YES;
				CLANG_WARN_ENUM_CONVERSION = YES;
				CLANG_WARN_INT_CONVERSION = YES;
				CLANG_WARN_OBJC_ROOT_CLASS = YES_ERROR;
				CLANG_WARN_UNREACHABLE_CODE = YES;
				CLANG_WARN__DUPLICATE_METHOD_MATCH = YES;
				"CODE_SIGN_IDENTITY[sdk=iphoneos*]" = "iPhone Developer";
				COPY_PHASE_STRIP = NO;
				ENABLE_STRICT_OBJC_MSGSEND = YES;
				GCC_C_LANGUAGE_STANDARD = gnu99;
				GCC_DYNAMIC_NO_PIC = NO;
				GCC_OPTIMIZATION_LEVEL = 0;
				GCC_PREPROCESSOR_DEFINITIONS = (
					"DEBUG=1",
					"$(inherited)",
				);
				GCC_SYMBOLS_PRIVATE_EXTERN = NO;
				GCC_WARN_64_TO_32_BIT_CONVERSION = YES;
				GCC_WARN_ABOUT_RETURN_TYPE = YES_ERROR;
				GCC_WARN_UNDECLARED_SELECTOR = YES;
				GCC_WARN_UNINITIALIZED_AUTOS = YES_AGGRESSIVE;
				GCC_WARN_UNUSED_FUNCTION = YES;
				GCC_WARN_UNUSED_VARIABLE = YES;
				IPHONEOS_DEPLOYMENT_TARGET = 8.0;
				MTL_ENABLE_DEBUG_INFO = YES;
				ONLY_ACTIVE_ARCH = YES;
				SDKROOT = iphoneos;
			};
			name = Debug;
		};
		DFA1A4EF19F2A4BE002056B1 /* Release */ = {
			isa = XCBuildConfiguration;
			buildSettings = {
				ALWAYS_SEARCH_USER_PATHS = NO;
				CLANG_CXX_LANGUAGE_STANDARD = "gnu++0x";
				CLANG_CXX_LIBRARY = "libc++";
				CLANG_ENABLE_MODULES = YES;
				CLANG_ENABLE_OBJC_ARC = YES;
				CLANG_WARN_BOOL_CONVERSION = YES;
				CLANG_WARN_CONSTANT_CONVERSION = YES;
				CLANG_WARN_DIRECT_OBJC_ISA_USAGE = YES_ERROR;
				CLANG_WARN_EMPTY_BODY = YES;
				CLANG_WARN_ENUM_CONVERSION = YES;
				CLANG_WARN_INT_CONVERSION = YES;
				CLANG_WARN_OBJC_ROOT_CLASS = YES_ERROR;
				CLANG_WARN_UNREACHABLE_CODE = YES;
				CLANG_WARN__DUPLICATE_METHOD_MATCH = YES;
				"CODE_SIGN_IDENTITY[sdk=iphoneos*]" = "iPhone Developer";
				COPY_PHASE_STRIP = YES;
				ENABLE_NS_ASSERTIONS = NO;
				ENABLE_STRICT_OBJC_MSGSEND = YES;
				GCC_C_LANGUAGE_STANDARD = gnu99;
				GCC_WARN_64_TO_32_BIT_CONVERSION = YES;
				GCC_WARN_ABOUT_RETURN_TYPE = YES_ERROR;
				GCC_WARN_UNDECLARED_SELECTOR = YES;
				GCC_WARN_UNINITIALIZED_AUTOS = YES_AGGRESSIVE;
				GCC_WARN_UNUSED_FUNCTION = YES;
				GCC_WARN_UNUSED_VARIABLE = YES;
				IPHONEOS_DEPLOYMENT_TARGET = 8.0;
				MTL_ENABLE_DEBUG_INFO = NO;
				SDKROOT = iphoneos;
				VALIDATE_PRODUCT = YES;
			};
			name = Release;
		};
		DFA1A4F119F2A4BE002056B1 /* Debug */ = {
			isa = XCBuildConfiguration;
			baseConfigurationReference = AEE447161AEC4F368F0CF3EB /* Pods.xcconfig */;
			buildSettings = {
				ASSETCATALOG_COMPILER_APPICON_NAME = AppIcon;
				GCC_PRECOMPILE_PREFIX_HEADER = YES;
				GCC_PREFIX_HEADER = "JRWords/JRWords-Prefix.pch";
				IBSC_FLATTEN_NIBS = NO;
				INFOPLIST_FILE = JRWords/Info.plist;
				IPHONEOS_DEPLOYMENT_TARGET = 7.0;
				LD_RUNPATH_SEARCH_PATHS = "$(inherited) @executable_path/Frameworks";
				PRODUCT_NAME = "$(TARGET_NAME)";
				PROVISIONING_PROFILE = "a115e36a-c2c1-4e94-b3d5-a6edee97526e";
			};
			name = Debug;
		};
		DFA1A4F219F2A4BE002056B1 /* Release */ = {
			isa = XCBuildConfiguration;
			baseConfigurationReference = AEE447161AEC4F368F0CF3EB /* Pods.xcconfig */;
			buildSettings = {
				ASSETCATALOG_COMPILER_APPICON_NAME = AppIcon;
				"CODE_SIGN_IDENTITY[sdk=iphoneos*]" = "iPhone Distribution: Guangdong Transtek Medical Electronics Co., Ltd.";
				GCC_PRECOMPILE_PREFIX_HEADER = YES;
				GCC_PREFIX_HEADER = "JRWords/JRWords-Prefix.pch";
				IBSC_FLATTEN_NIBS = NO;
				INFOPLIST_FILE = JRWords/Info.plist;
				IPHONEOS_DEPLOYMENT_TARGET = 7.0;
				LD_RUNPATH_SEARCH_PATHS = "$(inherited) @executable_path/Frameworks";
				PRODUCT_NAME = "$(TARGET_NAME)";
				PROVISIONING_PROFILE = "a115e36a-c2c1-4e94-b3d5-a6edee97526e";
			};
			name = Release;
		};
		DFA1A4F419F2A4BE002056B1 /* Debug */ = {
			isa = XCBuildConfiguration;
			buildSettings = {
				BUNDLE_LOADER = "$(TEST_HOST)";
				FRAMEWORK_SEARCH_PATHS = (
					"$(SDKROOT)/Developer/Library/Frameworks",
					"$(inherited)",
				);
				GCC_PREPROCESSOR_DEFINITIONS = (
					"DEBUG=1",
					"$(inherited)",
				);
				INFOPLIST_FILE = JRWordsTests/Info.plist;
				LD_RUNPATH_SEARCH_PATHS = "$(inherited) @executable_path/Frameworks @loader_path/Frameworks";
				PRODUCT_NAME = "$(TARGET_NAME)";
				TEST_HOST = "$(BUILT_PRODUCTS_DIR)/JRWords.app/JRWords";
			};
			name = Debug;
		};
		DFA1A4F519F2A4BE002056B1 /* Release */ = {
			isa = XCBuildConfiguration;
			buildSettings = {
				BUNDLE_LOADER = "$(TEST_HOST)";
				FRAMEWORK_SEARCH_PATHS = (
					"$(SDKROOT)/Developer/Library/Frameworks",
					"$(inherited)",
				);
				INFOPLIST_FILE = JRWordsTests/Info.plist;
				LD_RUNPATH_SEARCH_PATHS = "$(inherited) @executable_path/Frameworks @loader_path/Frameworks";
				PRODUCT_NAME = "$(TARGET_NAME)";
				TEST_HOST = "$(BUILT_PRODUCTS_DIR)/JRWords.app/JRWords";
			};
			name = Release;
		};
/* End XCBuildConfiguration section */

/* Begin XCConfigurationList section */
		DFA1A4C819F2A4BE002056B1 /* Build configuration list for PBXProject "JRWords" */ = {
			isa = XCConfigurationList;
			buildConfigurations = (
				DFA1A4EE19F2A4BE002056B1 /* Debug */,
				DFA1A4EF19F2A4BE002056B1 /* Release */,
			);
			defaultConfigurationIsVisible = 0;
			defaultConfigurationName = Release;
		};
		DFA1A4F019F2A4BE002056B1 /* Build configuration list for PBXNativeTarget "JRWords" */ = {
			isa = XCConfigurationList;
			buildConfigurations = (
				DFA1A4F119F2A4BE002056B1 /* Debug */,
				DFA1A4F219F2A4BE002056B1 /* Release */,
			);
			defaultConfigurationIsVisible = 0;
			defaultConfigurationName = Release;
		};
		DFA1A4F319F2A4BE002056B1 /* Build configuration list for PBXNativeTarget "JRWordsTests" */ = {
			isa = XCConfigurationList;
			buildConfigurations = (
				DFA1A4F419F2A4BE002056B1 /* Debug */,
				DFA1A4F519F2A4BE002056B1 /* Release */,
			);
			defaultConfigurationIsVisible = 0;
			defaultConfigurationName = Release;
		};
/* End XCConfigurationList section */
	};
	rootObject = DFA1A4C519F2A4BE002056B1 /* Project object */;
}
